
Microsoft Visual Studio Solution File, Format Version 12.00
# Visual Studio Version 17
VisualStudioVersion = 17.14.36414.22
MinimumVisualStudioVersion = 10.0.40219.1
Project("{FAE04EC0-301F-11D3-BF4B-00C04F79EFBC}") = "Shefa.PL", "Shefa.PL.csproj", "{9638AD4A-78F4-48C5-8AEF-F433376FF7F7}"
EndProject
Project("{FAE04EC0-301F-11D3-BF4B-00C04F79EFBC}") = "Shefa.DAL", "..\Shefa.DAL\Shefa.DAL.csproj", "{1A54A868-145B-4098-8A65-4A08AD53DF4D}"
EndProject
Project("{FAE04EC0-301F-11D3-BF4B-00C04F79EFBC}") = "Shefa.BLL", "..\Shefa.BLL\Shefa.BLL.csproj", "{636A1255-9F05-44A1-BFAA-2D96B4A6F6FB}"
EndProject
Global
	GlobalSection(SolutionConfigurationPlatforms) = preSolution
		Debug|Any CPU = Debug|Any CPU
		Release|Any CPU = Release|Any CPU
	EndGlobalSection
	GlobalSection(ProjectConfigurationPlatforms) = postSolution
		{9638AD4A-78F4-48C5-8AEF-F433376FF7F7}.Debug|Any CPU.ActiveCfg = Debug|Any CPU
		{9638AD4A-78F4-48C5-8AEF-F433376FF7F7}.Debug|Any CPU.Build.0 = Debug|Any CPU
		{9638AD4A-78F4-48C5-8AEF-F433376FF7F7}.Release|Any CPU.ActiveCfg = Release|Any CPU
		{9638AD4A-78F4-48C5-8AEF-F433376FF7F7}.Release|Any CPU.Build.0 = Release|Any CPU
		{1A54A868-145B-4098-8A65-4A08AD53DF4D}.Debug|Any CPU.ActiveCfg = Debug|Any CPU
		{1A54A868-145B-4098-8A65-4A08AD53DF4D}.Debug|Any CPU.Build.0 = Debug|Any CPU
		{1A54A868-145B-4098-8A65-4A08AD53DF4D}.Release|Any CPU.ActiveCfg = Release|Any CPU
		{1A54A868-145B-4098-8A65-4A08AD53DF4D}.Release|Any CPU.Build.0 = Release|Any CPU
		{636A1255-9F05-44A1-BFAA-2D96B4A6F6FB}.Debug|Any CPU.ActiveCfg = Debug|Any CPU
		{636A1255-9F05-44A1-BFAA-2D96B4A6F6FB}.Debug|Any CPU.Build.0 = Debug|Any CPU
		{636A1255-9F05-44A1-BFAA-2D96B4A6F6FB}.Release|Any CPU.ActiveCfg = Release|Any CPU
		{636A1255-9F05-44A1-BFAA-2D96B4A6F6FB}.Release|Any CPU.Build.0 = Release|Any CPU
	EndGlobalSection
	GlobalSection(SolutionProperties) = preSolution
		HideSolutionNode = FALSE
	EndGlobalSection
	GlobalSection(ExtensibilityGlobals) = postSolution
		SolutionGuid = {F39B160F-9020-413F-B58F-6A89605C4A03}
	EndGlobalSection
EndGlobal
