
Microsoft Visual Studio Solution File, Format Version 12.00
# Visual Studio Version 17
VisualStudioVersion = 17.14.36603.0
MinimumVisualStudioVersion = 10.0.40219.1
Project("{FAE04EC0-301F-11D3-BF4B-00C04F79EFBC}") = "Shefa.PL", "Shefa.PL.csproj", "{0F090981-7E9F-4F0A-ABB6-665FB4429896}"
EndProject
Project("{FAE04EC0-301F-11D3-BF4B-00C04F79EFBC}") = "Shefa.DAL", "..\Shefa.DAL\Shefa.DAL.csproj", "{B9331673-0664-434C-82B6-C1D8A3BF665B}"
EndProject
Project("{FAE04EC0-301F-11D3-BF4B-00C04F79EFBC}") = "Shefa.BLL", "..\Shefa.BLL\Shefa.BLL.csproj", "{1D9D67FD-82B6-4A1F-8713-01597A7605F8}"
EndProject
Global
	GlobalSection(SolutionConfigurationPlatforms) = preSolution
		Debug|Any CPU = Debug|Any CPU
		Release|Any CPU = Release|Any CPU
	EndGlobalSection
	GlobalSection(ProjectConfigurationPlatforms) = postSolution
		{0F090981-7E9F-4F0A-ABB6-665FB4429896}.Debug|Any CPU.ActiveCfg = Debug|Any CPU
		{0F090981-7E9F-4F0A-ABB6-665FB4429896}.Debug|Any CPU.Build.0 = Debug|Any CPU
		{0F090981-7E9F-4F0A-ABB6-665FB4429896}.Release|Any CPU.ActiveCfg = Release|Any CPU
		{0F090981-7E9F-4F0A-ABB6-665FB4429896}.Release|Any CPU.Build.0 = Release|Any CPU
		{B9331673-0664-434C-82B6-C1D8A3BF665B}.Debug|Any CPU.ActiveCfg = Debug|Any CPU
		{B9331673-0664-434C-82B6-C1D8A3BF665B}.Debug|Any CPU.Build.0 = Debug|Any CPU
		{B9331673-0664-434C-82B6-C1D8A3BF665B}.Release|Any CPU.ActiveCfg = Release|Any CPU
		{B9331673-0664-434C-82B6-C1D8A3BF665B}.Release|Any CPU.Build.0 = Release|Any CPU
		{1D9D67FD-82B6-4A1F-8713-01597A7605F8}.Debug|Any CPU.ActiveCfg = Debug|Any CPU
		{1D9D67FD-82B6-4A1F-8713-01597A7605F8}.Debug|Any CPU.Build.0 = Debug|Any CPU
		{1D9D67FD-82B6-4A1F-8713-01597A7605F8}.Release|Any CPU.ActiveCfg = Release|Any CPU
		{1D9D67FD-82B6-4A1F-8713-01597A7605F8}.Release|Any CPU.Build.0 = Release|Any CPU
	EndGlobalSection
	GlobalSection(SolutionProperties) = preSolution
		HideSolutionNode = FALSE
	EndGlobalSection
	GlobalSection(ExtensibilityGlobals) = postSolution
		SolutionGuid = {0213D26E-E2AD-4E38-92DA-F043A4709768}
	EndGlobalSection
EndGlobal
