
Microsoft Visual Studio Solution File, Format Version 12.00
# Visual Studio Version 17
VisualStudioVersion = 17.14.36414.22
MinimumVisualStudioVersion = 10.0.40219.1
Project("{FAE04EC0-301F-11D3-BF4B-00C04F79EFBC}") = "Models", "Models.csproj", "{D8B1B5FB-E10F-4764-9BB9-9C2A6F9EFD33}"
EndProject
Project("{FAE04EC0-301F-11D3-BF4B-00C04F79EFBC}") = "Shefa.PL", "..\Shefa.PL\Shefa.PL.csproj", "{9638AD4A-78F4-48C5-8AEF-F433376FF7F7}"
EndProject
Global
	GlobalSection(SolutionConfigurationPlatforms) = preSolution
		Debug|Any CPU = Debug|Any CPU
		Release|Any CPU = Release|Any CPU
	EndGlobalSection
	GlobalSection(ProjectConfigurationPlatforms) = postSolution
		{D8B1B5FB-E10F-4764-9BB9-9C2A6F9EFD33}.Debug|Any CPU.ActiveCfg = Debug|Any CPU
		{D8B1B5FB-E10F-4764-9BB9-9C2A6F9EFD33}.Debug|Any CPU.Build.0 = Debug|Any CPU
		{D8B1B5FB-E10F-4764-9BB9-9C2A6F9EFD33}.Release|Any CPU.ActiveCfg = Release|Any CPU
		{D8B1B5FB-E10F-4764-9BB9-9C2A6F9EFD33}.Release|Any CPU.Build.0 = Release|Any CPU
		{9638AD4A-78F4-48C5-8AEF-F433376FF7F7}.Debug|Any CPU.ActiveCfg = Debug|Any CPU
		{9638AD4A-78F4-48C5-8AEF-F433376FF7F7}.Debug|Any CPU.Build.0 = Debug|Any CPU
		{9638AD4A-78F4-48C5-8AEF-F433376FF7F7}.Release|Any CPU.ActiveCfg = Release|Any CPU
		{9638AD4A-78F4-48C5-8AEF-F433376FF7F7}.Release|Any CPU.Build.0 = Release|Any CPU
	EndGlobalSection
	GlobalSection(SolutionProperties) = preSolution
		HideSolutionNode = FALSE
	EndGlobalSection
	GlobalSection(ExtensibilityGlobals) = postSolution
		SolutionGuid = {F39B160F-9020-413F-B58F-6A89605C4A03}
	EndGlobalSection
EndGlobal
